<?xml version="1.0" encoding="UTF-8" standalone="yes" ?>
<CodeBlocks_project_file>
	<FileVersion major="1" minor="6" />
	<Project>
		<Option title="periph_blinky" />
		<Option makefile_is_custom="1" />
		<Option pch_mode="2" />
		<Option compiler="gcc" />
		<Build>
			<Target title="debug">
				<Option output="bin/debug/periph_blinky.elf" prefix_auto="0" extension_auto="0" />
				<Option object_output="obj/debug/" />
				<Option type="1" />
				<Option compiler="gcc" />
				<Compiler>
					<Add option="-g" />
				</Compiler>
				<MakeCommands>
					<Build command="$make -f $makefile $target" />
					<CompileFile command="$make -f $makefile $file" />
					<Clean command="$make -f $makefile clean" />
					<DistClean command="$make -f $makefile distclean$target" />
					<AskRebuildNeeded command="$make -q -f $makefile $target" />
					<SilentBuild command="$make -f $makefile $target &gt; $(CMD_NULL)" />
				</MakeCommands>
			</Target>
			<Target title="release">
				<Option output="bin/release/periph_blinky.elf" prefix_auto="0" extension_auto="0" />
				<Option object_output="obj/release/" />
				<Option type="1" />
				<Option compiler="gcc" />
				<Compiler>
					<Add option="-O2" />
				</Compiler>
				<Linker>
					<Add option="-s" />
				</Linker>
				<MakeCommands>
					<Build command="$make -f $makefile $target" />
					<CompileFile command="$make -f $makefile $file" />
					<Clean command="$make -f $makefile clean" />
					<DistClean command="$make -f $makefile distclean$target" />
					<AskRebuildNeeded command="$make -q -f $makefile $target" />
					<SilentBuild command="$make -f $makefile $target &gt; $(CMD_NULL)" />
				</MakeCommands>
			</Target>
		</Build>
		<Compiler>
			<Add option="-Wall" />
		</Compiler>
		<Unit filename="Makefile" />
		<Unit filename="src/board.h" />
		<Unit filename="src/breadboard.h" />
		<Unit filename="src/cr_startup_lpc8xx.c">
			<Option compilerVar="CC" />
		</Unit>
		<Unit filename="src/crp.c">
			<Option compilerVar="CC" />
		</Unit>
		<Unit filename="src/lpcxpresso.c">
			<Option compilerVar="CC" />
		</Unit>
		<Unit filename="src/lpcxpresso.h" />
		<Unit filename="src/main.c">
			<Option compilerVar="CC" />
		</Unit>
		<Unit filename="src/main.h" />
		<Unit filename="src/sysinit.c">
			<Option compilerVar="CC" />
		</Unit>
		<Unit filename="src/systick.c">
			<Option compilerVar="CC" />
		</Unit>
		<Extensions>
			<code_completion />
			<debugger>
				<remote_debugging>
					<options conn_type="2" serial_port="\dev\ttyBmpGdb" serial_baud="115200" extended_remote="1" />
				</remote_debugging>
				<remote_debugging target="debug">
					<options conn_type="2" serial_port="/dev/ttyBmpGdb" serial_baud="115200" additional_cmds="monitor swdp_scan&#x0A;attach 1&#x0A;set mem inaccessible-by-default off&#x0A;set {int}0x40048000 = 2&#x0A;load /home/abilos/projects/private/periph_blinky/bin/debug/periph_blinky.elf&#x0A;compare-sections&#x0A;start" extended_remote="1" />
				</remote_debugging>
				<remote_debugging target="release">
					<options conn_type="2" serial_port="/dev/ttyBmpGdb" serial_baud="115200" additional_cmds="monitor swdp_scan&#x0A;attach 1&#x0A;set mem inaccessible-by-default off&#x0A;set {int}0x40048000 = 2&#x0A;load /home/abilos/projects/private/periph_blinky/bin/release/periph_blinky.elf&#x0A;compare-sections&#x0A;start" extended_remote="1" />
				</remote_debugging>
			</debugger>
		</Extensions>
	</Project>
</CodeBlocks_project_file>
